
Microsoft Visual Studio Solution File, Format Version 12.00
# Visual Studio Version 17
VisualStudioVersion = 17.3.32804.467
MinimumVisualStudioVersion = 10.0.40219.1
Project("{FAE04EC0-301F-11D3-BF4B-00C04F79EFBC}") = "BotCrazyMachine", "BotCrazyMachine\BotCrazyMachine.csproj", "{9631001A-9800-45F0-8192-A1CE0C8F76DD}"
EndProject
Global
	GlobalSection(SolutionConfigurationPlatforms) = preSolution
		Debug|Any CPU = Debug|Any CPU
		Release|Any CPU = Release|Any CPU
	EndGlobalSection
	GlobalSection(ProjectConfigurationPlatforms) = postSolution
		{9631001A-9800-45F0-8192-A1CE0C8F76DD}.Debug|Any CPU.ActiveCfg = Debug|Any CPU
		{9631001A-9800-45F0-8192-A1CE0C8F76DD}.Debug|Any CPU.Build.0 = Debug|Any CPU
		{9631001A-9800-45F0-8192-A1CE0C8F76DD}.Release|Any CPU.ActiveCfg = Release|Any CPU
		{9631001A-9800-45F0-8192-A1CE0C8F76DD}.Release|Any CPU.Build.0 = Release|Any CPU
	EndGlobalSection
	GlobalSection(SolutionProperties) = preSolution
		HideSolutionNode = FALSE
	EndGlobalSection
	GlobalSection(ExtensibilityGlobals) = postSolution
		SolutionGuid = {FCD5DF5C-B680-4597-91CD-F1E6F1400986}
	EndGlobalSection
EndGlobal
